
Microsoft Visual Studio Solution File, Format Version 11.00
# Visual Studio 2010
Project("{FAE04EC0-301F-11D3-BF4B-00C04F79EFBC}") = "Assembly-CSharp", "Assembly-CSharp.csproj", "{ecb94d86-2c7f-ee9a-d845-408d456e2d6a}"
EndProject
Project("{FAE04EC0-301F-11D3-BF4B-00C04F79EFBC}") = "Assembly-CSharp-Editor", "Assembly-CSharp-Editor.csproj", "{b1bdd5a2-29b3-54e7-84f7-50b214c24f55}"
EndProject
Global
	GlobalSection(SolutionConfigurationPlatforms) = preSolution
		Debug|Any CPU = Debug|Any CPU
		Release|Any CPU = Release|Any CPU
	EndGlobalSection
	GlobalSection(ProjectConfigurationPlatforms) = postSolution
		{ecb94d86-2c7f-ee9a-d845-408d456e2d6a}.Debug|Any CPU.ActiveCfg = Debug|Any CPU
		{ecb94d86-2c7f-ee9a-d845-408d456e2d6a}.Debug|Any CPU.Build.0 = Debug|Any CPU
		{ecb94d86-2c7f-ee9a-d845-408d456e2d6a}.Release|Any CPU.ActiveCfg = Release|Any CPU
		{ecb94d86-2c7f-ee9a-d845-408d456e2d6a}.Release|Any CPU.Build.0 = Release|Any CPU
		{b1bdd5a2-29b3-54e7-84f7-50b214c24f55}.Debug|Any CPU.ActiveCfg = Debug|Any CPU
		{b1bdd5a2-29b3-54e7-84f7-50b214c24f55}.Debug|Any CPU.Build.0 = Debug|Any CPU
		{b1bdd5a2-29b3-54e7-84f7-50b214c24f55}.Release|Any CPU.ActiveCfg = Release|Any CPU
		{b1bdd5a2-29b3-54e7-84f7-50b214c24f55}.Release|Any CPU.Build.0 = Release|Any CPU
	EndGlobalSection
	GlobalSection(SolutionProperties) = preSolution
		HideSolutionNode = FALSE
	EndGlobalSection
EndGlobal
